
Microsoft Visual Studio Solution File, Format Version 11.00
# Visual Studio 2010
Project("{FAE04EC0-301F-11D3-BF4B-00C04F79EFBC}") = "dialogflowUnity", "Assembly-CSharp.csproj", "{AFFC17BA-1E19-1511-9CC6-00C2569F9890}"
EndProject
Project("{FAE04EC0-301F-11D3-BF4B-00C04F79EFBC}") = "dialogflowUnity", "Assembly-CSharp-firstpass.csproj", "{0BA44AE7-2342-E083-8444-69A67F5D0AA1}"
EndProject
Global
	GlobalSection(SolutionConfigurationPlatforms) = preSolution
		Debug|Any CPU = Debug|Any CPU
		Release|Any CPU = Release|Any CPU
	EndGlobalSection
	GlobalSection(ProjectConfigurationPlatforms) = postSolution
		{AFFC17BA-1E19-1511-9CC6-00C2569F9890}.Debug|Any CPU.ActiveCfg = Debug|Any CPU
		{AFFC17BA-1E19-1511-9CC6-00C2569F9890}.Debug|Any CPU.Build.0 = Debug|Any CPU
		{AFFC17BA-1E19-1511-9CC6-00C2569F9890}.Release|Any CPU.ActiveCfg = Release|Any CPU
		{AFFC17BA-1E19-1511-9CC6-00C2569F9890}.Release|Any CPU.Build.0 = Release|Any CPU
		{0BA44AE7-2342-E083-8444-69A67F5D0AA1}.Debug|Any CPU.ActiveCfg = Debug|Any CPU
		{0BA44AE7-2342-E083-8444-69A67F5D0AA1}.Debug|Any CPU.Build.0 = Debug|Any CPU
		{0BA44AE7-2342-E083-8444-69A67F5D0AA1}.Release|Any CPU.ActiveCfg = Release|Any CPU
		{0BA44AE7-2342-E083-8444-69A67F5D0AA1}.Release|Any CPU.Build.0 = Release|Any CPU
	EndGlobalSection
	GlobalSection(SolutionProperties) = preSolution
		HideSolutionNode = FALSE
	EndGlobalSection
	GlobalSection(MonoDevelopProperties) = preSolution
		StartupItem = Assembly-CSharp.csproj
	EndGlobalSection
EndGlobal
